
Microsoft Visual Studio Solution File, Format Version 12.00
# Visual Studio Version 17
VisualStudioVersion = 17.2.32602.215
MinimumVisualStudioVersion = 10.0.40219.1
Project("{9A19103F-16F7-4668-BE54-9A1E7A4F7556}") = "Content.WebApi", "Content.WebApi\Content.WebApi.csproj", "{C5481D96-55A6-4DF2-B44E-A142A49591EC}"
EndProject
Project("{9A19103F-16F7-4668-BE54-9A1E7A4F7556}") = "Domain.Abstractions", "Domain.Abstractions\Domain.Abstractions.csproj", "{FCEF4967-96F2-45A1-B374-AB86A9AF6D11}"
EndProject
Project("{2150E333-8FDC-42A3-9474-1A3956D46DE8}") = "infrastructure", "infrastructure", "{76F2438F-DC6D-47BF-AB0F-18268E925CC0}"
EndProject
Project("{9A19103F-16F7-4668-BE54-9A1E7A4F7556}") = "Content.Domain", "Content.Domain\Content.Domain.csproj", "{03C271DA-0D37-4A69-B22C-70DEA535DB7B}"
EndProject
Project("{9A19103F-16F7-4668-BE54-9A1E7A4F7556}") = "Repositories.Abstractions", "Repositories.Abstractions\Repositories.Abstractions.csproj", "{7F5312DA-93D5-4436-9D4B-9715A96704D0}"
EndProject
Project("{9A19103F-16F7-4668-BE54-9A1E7A4F7556}") = "Content.Persistence.ORM", "Content.Persistence.ORM\Content.Persistence.ORM.csproj", "{032B3CAE-2FC1-4757-9C5F-67AF48C41E2E}"
EndProject
Project("{9A19103F-16F7-4668-BE54-9A1E7A4F7556}") = "Content.Persistence.NHibernate", "Content.Persistence.NHibernate\Content.Persistence.NHibernate.csproj", "{D51C5CA2-47E1-4827-8F71-0F46013FCAF8}"
EndProject
Project("{9A19103F-16F7-4668-BE54-9A1E7A4F7556}") = "NHibernate.Infrastructure", "NHibernate.Infrastructure\NHibernate.Infrastructure.csproj", "{1A2A7D8C-2FA5-4CFA-A01D-C97EA9514B30}"
EndProject
Project("{9A19103F-16F7-4668-BE54-9A1E7A4F7556}") = "Persistence.Transactions.Behaviors", "Persistence.Transactions.Behaviors\Persistence.Transactions.Behaviors.csproj", "{80697418-3F48-4EB3-9FD3-59C59CF19790}"
EndProject
Project("{9A19103F-16F7-4668-BE54-9A1E7A4F7556}") = "NHibernate.Infrastructure.AutoMapping", "NHibernate.Infrastructure.AutoMapping\NHibernate.Infrastructure.AutoMapping.csproj", "{44B15B17-1DCC-4457-9A80-59F7E1140273}"
EndProject
Project("{9A19103F-16F7-4668-BE54-9A1E7A4F7556}") = "Commands.Abstractions", "Commands.Abstractions\Commands.Abstractions.csproj", "{C0AC75EB-0819-45AB-8134-D36B547B4FD0}"
EndProject
Project("{9A19103F-16F7-4668-BE54-9A1E7A4F7556}") = "Queries.Abstractions", "Queries.Abstractions\Queries.Abstractions.csproj", "{8B23FF07-DFC5-4B71-B8D3-59B75C3E4BDD}"
EndProject
Project("{9A19103F-16F7-4668-BE54-9A1E7A4F7556}") = "Linq.AsyncQueryable.Abstractions", "Linq.AsyncQueryable.Abstractions\Linq.AsyncQueryable.Abstractions.csproj", "{CD407625-D3CA-4FEE-81F1-3B5CD5DB5435}"
EndProject
Project("{9A19103F-16F7-4668-BE54-9A1E7A4F7556}") = "Linq.Providers.Abstractions", "Linq.Providers.Abstractions\Linq.Providers.Abstractions.csproj", "{1D3F1A31-3E53-43CE-9EDE-55CA04DEFB0A}"
EndProject
Project("{FAE04EC0-301F-11D3-BF4B-00C04F79EFBC}") = "Json.Converters.Hierarchy", "Json.Converters.Hierarchy\Json.Converters.Hierarchy.csproj", "{6FF3B896-3FD1-4938-BC30-A2E178BD51F9}"
EndProject
Project("{FAE04EC0-301F-11D3-BF4B-00C04F79EFBC}") = "Common.DataAnnotations", "Common.DataAnnotations\Common.DataAnnotations.csproj", "{EEBB2110-941E-49D4-B133-D09D28ED0E30}"
EndProject
Project("{FAE04EC0-301F-11D3-BF4B-00C04F79EFBC}") = "Common.DataAnnotations.Hierarchy", "Common.DataAnnotations.Hierarchy\Common.DataAnnotations.Hierarchy.csproj", "{972B042F-7D8F-4B3A-AFF5-A4A55B93C2A3}"
EndProject
Project("{FAE04EC0-301F-11D3-BF4B-00C04F79EFBC}") = "Api.Requests.Abstractions", "Api.Requests.Abstractions\Api.Requests.Abstractions.csproj", "{8A12F688-6F0F-40FD-8209-72CDE33768E0}"
EndProject
Project("{FAE04EC0-301F-11D3-BF4B-00C04F79EFBC}") = "Api.Requests.Hierarchic.Abstractions", "Api.Requests.Hierarchic.Abstractions\Api.Requests.Hierarchic.Abstractions.csproj", "{172929CA-82DF-4A61-80BE-35559F95F563}"
EndProject
Global
	GlobalSection(SolutionConfigurationPlatforms) = preSolution
		Debug|Any CPU = Debug|Any CPU
		Release|Any CPU = Release|Any CPU
	EndGlobalSection
	GlobalSection(ProjectConfigurationPlatforms) = postSolution
		{C5481D96-55A6-4DF2-B44E-A142A49591EC}.Debug|Any CPU.ActiveCfg = Debug|Any CPU
		{C5481D96-55A6-4DF2-B44E-A142A49591EC}.Debug|Any CPU.Build.0 = Debug|Any CPU
		{C5481D96-55A6-4DF2-B44E-A142A49591EC}.Release|Any CPU.ActiveCfg = Release|Any CPU
		{C5481D96-55A6-4DF2-B44E-A142A49591EC}.Release|Any CPU.Build.0 = Release|Any CPU
		{FCEF4967-96F2-45A1-B374-AB86A9AF6D11}.Debug|Any CPU.ActiveCfg = Debug|Any CPU
		{FCEF4967-96F2-45A1-B374-AB86A9AF6D11}.Debug|Any CPU.Build.0 = Debug|Any CPU
		{FCEF4967-96F2-45A1-B374-AB86A9AF6D11}.Release|Any CPU.ActiveCfg = Release|Any CPU
		{FCEF4967-96F2-45A1-B374-AB86A9AF6D11}.Release|Any CPU.Build.0 = Release|Any CPU
		{03C271DA-0D37-4A69-B22C-70DEA535DB7B}.Debug|Any CPU.ActiveCfg = Debug|Any CPU
		{03C271DA-0D37-4A69-B22C-70DEA535DB7B}.Debug|Any CPU.Build.0 = Debug|Any CPU
		{03C271DA-0D37-4A69-B22C-70DEA535DB7B}.Release|Any CPU.ActiveCfg = Release|Any CPU
		{03C271DA-0D37-4A69-B22C-70DEA535DB7B}.Release|Any CPU.Build.0 = Release|Any CPU
		{7F5312DA-93D5-4436-9D4B-9715A96704D0}.Debug|Any CPU.ActiveCfg = Debug|Any CPU
		{7F5312DA-93D5-4436-9D4B-9715A96704D0}.Debug|Any CPU.Build.0 = Debug|Any CPU
		{7F5312DA-93D5-4436-9D4B-9715A96704D0}.Release|Any CPU.ActiveCfg = Release|Any CPU
		{7F5312DA-93D5-4436-9D4B-9715A96704D0}.Release|Any CPU.Build.0 = Release|Any CPU
		{032B3CAE-2FC1-4757-9C5F-67AF48C41E2E}.Debug|Any CPU.ActiveCfg = Debug|Any CPU
		{032B3CAE-2FC1-4757-9C5F-67AF48C41E2E}.Debug|Any CPU.Build.0 = Debug|Any CPU
		{032B3CAE-2FC1-4757-9C5F-67AF48C41E2E}.Release|Any CPU.ActiveCfg = Release|Any CPU
		{032B3CAE-2FC1-4757-9C5F-67AF48C41E2E}.Release|Any CPU.Build.0 = Release|Any CPU
		{D51C5CA2-47E1-4827-8F71-0F46013FCAF8}.Debug|Any CPU.ActiveCfg = Debug|Any CPU
		{D51C5CA2-47E1-4827-8F71-0F46013FCAF8}.Debug|Any CPU.Build.0 = Debug|Any CPU
		{D51C5CA2-47E1-4827-8F71-0F46013FCAF8}.Release|Any CPU.ActiveCfg = Release|Any CPU
		{D51C5CA2-47E1-4827-8F71-0F46013FCAF8}.Release|Any CPU.Build.0 = Release|Any CPU
		{1A2A7D8C-2FA5-4CFA-A01D-C97EA9514B30}.Debug|Any CPU.ActiveCfg = Debug|Any CPU
		{1A2A7D8C-2FA5-4CFA-A01D-C97EA9514B30}.Debug|Any CPU.Build.0 = Debug|Any CPU
		{1A2A7D8C-2FA5-4CFA-A01D-C97EA9514B30}.Release|Any CPU.ActiveCfg = Release|Any CPU
		{1A2A7D8C-2FA5-4CFA-A01D-C97EA9514B30}.Release|Any CPU.Build.0 = Release|Any CPU
		{80697418-3F48-4EB3-9FD3-59C59CF19790}.Debug|Any CPU.ActiveCfg = Debug|Any CPU
		{80697418-3F48-4EB3-9FD3-59C59CF19790}.Debug|Any CPU.Build.0 = Debug|Any CPU
		{80697418-3F48-4EB3-9FD3-59C59CF19790}.Release|Any CPU.ActiveCfg = Release|Any CPU
		{80697418-3F48-4EB3-9FD3-59C59CF19790}.Release|Any CPU.Build.0 = Release|Any CPU
		{44B15B17-1DCC-4457-9A80-59F7E1140273}.Debug|Any CPU.ActiveCfg = Debug|Any CPU
		{44B15B17-1DCC-4457-9A80-59F7E1140273}.Debug|Any CPU.Build.0 = Debug|Any CPU
		{44B15B17-1DCC-4457-9A80-59F7E1140273}.Release|Any CPU.ActiveCfg = Release|Any CPU
		{44B15B17-1DCC-4457-9A80-59F7E1140273}.Release|Any CPU.Build.0 = Release|Any CPU
		{C0AC75EB-0819-45AB-8134-D36B547B4FD0}.Debug|Any CPU.ActiveCfg = Debug|Any CPU
		{C0AC75EB-0819-45AB-8134-D36B547B4FD0}.Debug|Any CPU.Build.0 = Debug|Any CPU
		{C0AC75EB-0819-45AB-8134-D36B547B4FD0}.Release|Any CPU.ActiveCfg = Release|Any CPU
		{C0AC75EB-0819-45AB-8134-D36B547B4FD0}.Release|Any CPU.Build.0 = Release|Any CPU
		{8B23FF07-DFC5-4B71-B8D3-59B75C3E4BDD}.Debug|Any CPU.ActiveCfg = Debug|Any CPU
		{8B23FF07-DFC5-4B71-B8D3-59B75C3E4BDD}.Debug|Any CPU.Build.0 = Debug|Any CPU
		{8B23FF07-DFC5-4B71-B8D3-59B75C3E4BDD}.Release|Any CPU.ActiveCfg = Release|Any CPU
		{8B23FF07-DFC5-4B71-B8D3-59B75C3E4BDD}.Release|Any CPU.Build.0 = Release|Any CPU
		{CD407625-D3CA-4FEE-81F1-3B5CD5DB5435}.Debug|Any CPU.ActiveCfg = Debug|Any CPU
		{CD407625-D3CA-4FEE-81F1-3B5CD5DB5435}.Debug|Any CPU.Build.0 = Debug|Any CPU
		{CD407625-D3CA-4FEE-81F1-3B5CD5DB5435}.Release|Any CPU.ActiveCfg = Release|Any CPU
		{CD407625-D3CA-4FEE-81F1-3B5CD5DB5435}.Release|Any CPU.Build.0 = Release|Any CPU
		{1D3F1A31-3E53-43CE-9EDE-55CA04DEFB0A}.Debug|Any CPU.ActiveCfg = Debug|Any CPU
		{1D3F1A31-3E53-43CE-9EDE-55CA04DEFB0A}.Debug|Any CPU.Build.0 = Debug|Any CPU
		{1D3F1A31-3E53-43CE-9EDE-55CA04DEFB0A}.Release|Any CPU.ActiveCfg = Release|Any CPU
		{1D3F1A31-3E53-43CE-9EDE-55CA04DEFB0A}.Release|Any CPU.Build.0 = Release|Any CPU
		{6FF3B896-3FD1-4938-BC30-A2E178BD51F9}.Debug|Any CPU.ActiveCfg = Debug|Any CPU
		{6FF3B896-3FD1-4938-BC30-A2E178BD51F9}.Debug|Any CPU.Build.0 = Debug|Any CPU
		{6FF3B896-3FD1-4938-BC30-A2E178BD51F9}.Release|Any CPU.ActiveCfg = Release|Any CPU
		{6FF3B896-3FD1-4938-BC30-A2E178BD51F9}.Release|Any CPU.Build.0 = Release|Any CPU
		{EEBB2110-941E-49D4-B133-D09D28ED0E30}.Debug|Any CPU.ActiveCfg = Debug|Any CPU
		{EEBB2110-941E-49D4-B133-D09D28ED0E30}.Debug|Any CPU.Build.0 = Debug|Any CPU
		{EEBB2110-941E-49D4-B133-D09D28ED0E30}.Release|Any CPU.ActiveCfg = Release|Any CPU
		{EEBB2110-941E-49D4-B133-D09D28ED0E30}.Release|Any CPU.Build.0 = Release|Any CPU
		{972B042F-7D8F-4B3A-AFF5-A4A55B93C2A3}.Debug|Any CPU.ActiveCfg = Debug|Any CPU
		{972B042F-7D8F-4B3A-AFF5-A4A55B93C2A3}.Debug|Any CPU.Build.0 = Debug|Any CPU
		{972B042F-7D8F-4B3A-AFF5-A4A55B93C2A3}.Release|Any CPU.ActiveCfg = Release|Any CPU
		{972B042F-7D8F-4B3A-AFF5-A4A55B93C2A3}.Release|Any CPU.Build.0 = Release|Any CPU
		{8A12F688-6F0F-40FD-8209-72CDE33768E0}.Debug|Any CPU.ActiveCfg = Debug|Any CPU
		{8A12F688-6F0F-40FD-8209-72CDE33768E0}.Debug|Any CPU.Build.0 = Debug|Any CPU
		{8A12F688-6F0F-40FD-8209-72CDE33768E0}.Release|Any CPU.ActiveCfg = Release|Any CPU
		{8A12F688-6F0F-40FD-8209-72CDE33768E0}.Release|Any CPU.Build.0 = Release|Any CPU
		{172929CA-82DF-4A61-80BE-35559F95F563}.Debug|Any CPU.ActiveCfg = Debug|Any CPU
		{172929CA-82DF-4A61-80BE-35559F95F563}.Debug|Any CPU.Build.0 = Debug|Any CPU
		{172929CA-82DF-4A61-80BE-35559F95F563}.Release|Any CPU.ActiveCfg = Release|Any CPU
		{172929CA-82DF-4A61-80BE-35559F95F563}.Release|Any CPU.Build.0 = Release|Any CPU
	EndGlobalSection
	GlobalSection(SolutionProperties) = preSolution
		HideSolutionNode = FALSE
	EndGlobalSection
	GlobalSection(NestedProjects) = preSolution
		{FCEF4967-96F2-45A1-B374-AB86A9AF6D11} = {76F2438F-DC6D-47BF-AB0F-18268E925CC0}
		{1A2A7D8C-2FA5-4CFA-A01D-C97EA9514B30} = {76F2438F-DC6D-47BF-AB0F-18268E925CC0}
		{80697418-3F48-4EB3-9FD3-59C59CF19790} = {76F2438F-DC6D-47BF-AB0F-18268E925CC0}
		{44B15B17-1DCC-4457-9A80-59F7E1140273} = {76F2438F-DC6D-47BF-AB0F-18268E925CC0}
		{C0AC75EB-0819-45AB-8134-D36B547B4FD0} = {76F2438F-DC6D-47BF-AB0F-18268E925CC0}
		{8B23FF07-DFC5-4B71-B8D3-59B75C3E4BDD} = {76F2438F-DC6D-47BF-AB0F-18268E925CC0}
		{CD407625-D3CA-4FEE-81F1-3B5CD5DB5435} = {76F2438F-DC6D-47BF-AB0F-18268E925CC0}
		{1D3F1A31-3E53-43CE-9EDE-55CA04DEFB0A} = {76F2438F-DC6D-47BF-AB0F-18268E925CC0}
		{6FF3B896-3FD1-4938-BC30-A2E178BD51F9} = {76F2438F-DC6D-47BF-AB0F-18268E925CC0}
		{EEBB2110-941E-49D4-B133-D09D28ED0E30} = {76F2438F-DC6D-47BF-AB0F-18268E925CC0}
		{972B042F-7D8F-4B3A-AFF5-A4A55B93C2A3} = {76F2438F-DC6D-47BF-AB0F-18268E925CC0}
		{8A12F688-6F0F-40FD-8209-72CDE33768E0} = {76F2438F-DC6D-47BF-AB0F-18268E925CC0}
		{172929CA-82DF-4A61-80BE-35559F95F563} = {76F2438F-DC6D-47BF-AB0F-18268E925CC0}
	EndGlobalSection
	GlobalSection(ExtensibilityGlobals) = postSolution
		SolutionGuid = {46E0F799-2F48-4D72-A5DB-8D2C3BA97BAA}
	EndGlobalSection
EndGlobal
